
Microsoft Visual Studio Solution File, Format Version 12.00
# Visual Studio 14
VisualStudioVersion = 14.0.24720.0
MinimumVisualStudioVersion = 10.0.40219.1
Project("{FAE04EC0-301F-11D3-BF4B-00C04F79EFBC}") = "GeneralFormTemplate", "GeneralFormTemplate\GeneralFormTemplate.csproj", "{92FB0185-6785-47E4-9A2D-73CF9BFD2F7D}"
EndProject
Project("{FAE04EC0-301F-11D3-BF4B-00C04F79EFBC}") = "FRC_Scouting_V2.Desktop", "FRC_Scouting_V2.Desktop\FRC_Scouting_V2.Desktop.csproj", "{EE59E6C2-0471-4B4C-A72C-A4CB4640180F}"
	ProjectSection(ProjectDependencies) = postProject
		{92FB0185-6785-47E4-9A2D-73CF9BFD2F7D} = {92FB0185-6785-47E4-9A2D-73CF9BFD2F7D}
	EndProjectSection
EndProject
Project("{2150E333-8FDC-42A3-9474-1A3956D46DE8}") = ".nuget", ".nuget", "{D0FEE56D-9506-4544-8EE7-54523D165960}"
	ProjectSection(SolutionItems) = preProject
		.nuget\NuGet.Config = .nuget\NuGet.Config
		.nuget\NuGet.exe = .nuget\NuGet.exe
		.nuget\NuGet.targets = .nuget\NuGet.targets
	EndProjectSection
EndProject
Project("{FAE04EC0-301F-11D3-BF4B-00C04F79EFBC}") = "FRC_Scouting_V2.Desktop.Tests", "FRC_Scouting_V2.Desktop.Tests\FRC_Scouting_V2.Desktop.Tests.csproj", "{8B21507C-4325-445E-87EC-66B4A12220C5}"
EndProject
Global
	GlobalSection(SolutionConfigurationPlatforms) = preSolution
		CD_ROM|Any CPU = CD_ROM|Any CPU
		Debug|Any CPU = Debug|Any CPU
		DVD-5|Any CPU = DVD-5|Any CPU
		Release|Any CPU = Release|Any CPU
		SingleImage|Any CPU = SingleImage|Any CPU
	EndGlobalSection
	GlobalSection(ProjectConfigurationPlatforms) = postSolution
		{92FB0185-6785-47E4-9A2D-73CF9BFD2F7D}.CD_ROM|Any CPU.ActiveCfg = Release|Any CPU
		{92FB0185-6785-47E4-9A2D-73CF9BFD2F7D}.CD_ROM|Any CPU.Build.0 = Release|Any CPU
		{92FB0185-6785-47E4-9A2D-73CF9BFD2F7D}.Debug|Any CPU.ActiveCfg = Debug|Any CPU
		{92FB0185-6785-47E4-9A2D-73CF9BFD2F7D}.Debug|Any CPU.Build.0 = Debug|Any CPU
		{92FB0185-6785-47E4-9A2D-73CF9BFD2F7D}.DVD-5|Any CPU.ActiveCfg = Debug|Any CPU
		{92FB0185-6785-47E4-9A2D-73CF9BFD2F7D}.DVD-5|Any CPU.Build.0 = Debug|Any CPU
		{92FB0185-6785-47E4-9A2D-73CF9BFD2F7D}.Release|Any CPU.ActiveCfg = Release|Any CPU
		{92FB0185-6785-47E4-9A2D-73CF9BFD2F7D}.Release|Any CPU.Build.0 = Release|Any CPU
		{92FB0185-6785-47E4-9A2D-73CF9BFD2F7D}.SingleImage|Any CPU.ActiveCfg = Release|Any CPU
		{92FB0185-6785-47E4-9A2D-73CF9BFD2F7D}.SingleImage|Any CPU.Build.0 = Release|Any CPU
		{EE59E6C2-0471-4B4C-A72C-A4CB4640180F}.CD_ROM|Any CPU.ActiveCfg = Release|Any CPU
		{EE59E6C2-0471-4B4C-A72C-A4CB4640180F}.CD_ROM|Any CPU.Build.0 = Release|Any CPU
		{EE59E6C2-0471-4B4C-A72C-A4CB4640180F}.Debug|Any CPU.ActiveCfg = Debug|Any CPU
		{EE59E6C2-0471-4B4C-A72C-A4CB4640180F}.Debug|Any CPU.Build.0 = Debug|Any CPU
		{EE59E6C2-0471-4B4C-A72C-A4CB4640180F}.DVD-5|Any CPU.ActiveCfg = Debug|Any CPU
		{EE59E6C2-0471-4B4C-A72C-A4CB4640180F}.DVD-5|Any CPU.Build.0 = Debug|Any CPU
		{EE59E6C2-0471-4B4C-A72C-A4CB4640180F}.Release|Any CPU.ActiveCfg = Release|Any CPU
		{EE59E6C2-0471-4B4C-A72C-A4CB4640180F}.Release|Any CPU.Build.0 = Release|Any CPU
		{EE59E6C2-0471-4B4C-A72C-A4CB4640180F}.SingleImage|Any CPU.ActiveCfg = Release|Any CPU
		{EE59E6C2-0471-4B4C-A72C-A4CB4640180F}.SingleImage|Any CPU.Build.0 = Release|Any CPU
		{8B21507C-4325-445E-87EC-66B4A12220C5}.CD_ROM|Any CPU.ActiveCfg = Release|Any CPU
		{8B21507C-4325-445E-87EC-66B4A12220C5}.CD_ROM|Any CPU.Build.0 = Release|Any CPU
		{8B21507C-4325-445E-87EC-66B4A12220C5}.Debug|Any CPU.ActiveCfg = Debug|Any CPU
		{8B21507C-4325-445E-87EC-66B4A12220C5}.Debug|Any CPU.Build.0 = Debug|Any CPU
		{8B21507C-4325-445E-87EC-66B4A12220C5}.DVD-5|Any CPU.ActiveCfg = Debug|Any CPU
		{8B21507C-4325-445E-87EC-66B4A12220C5}.DVD-5|Any CPU.Build.0 = Debug|Any CPU
		{8B21507C-4325-445E-87EC-66B4A12220C5}.Release|Any CPU.ActiveCfg = Release|Any CPU
		{8B21507C-4325-445E-87EC-66B4A12220C5}.Release|Any CPU.Build.0 = Release|Any CPU
		{8B21507C-4325-445E-87EC-66B4A12220C5}.SingleImage|Any CPU.ActiveCfg = Release|Any CPU
		{8B21507C-4325-445E-87EC-66B4A12220C5}.SingleImage|Any CPU.Build.0 = Release|Any CPU
	EndGlobalSection
	GlobalSection(SolutionProperties) = preSolution
		HideSolutionNode = FALSE
	EndGlobalSection
EndGlobal
