
Microsoft Visual Studio Solution File, Format Version 12.00
# Visual Studio 2013
VisualStudioVersion = 12.0.31101.0
MinimumVisualStudioVersion = 10.0.40219.1
Project("{FAE04EC0-301F-11D3-BF4B-00C04F79EFBC}") = "GeneralFormTemplate", "GeneralFormTemplate\GeneralFormTemplate.csproj", "{92FB0185-6785-47E4-9A2D-73CF9BFD2F7D}"
	ProjectSection(ProjectDependencies) = postProject
		{660EC2BD-0DEA-4DC8-A9FA-1867BA3C9EB1} = {660EC2BD-0DEA-4DC8-A9FA-1867BA3C9EB1}
	EndProjectSection
EndProject
Project("{FAE04EC0-301F-11D3-BF4B-00C04F79EFBC}") = "UsefulSnippets", "UsefulSnippets\UsefulSnippets.csproj", "{660EC2BD-0DEA-4DC8-A9FA-1867BA3C9EB1}"
EndProject
Project("{FAE04EC0-301F-11D3-BF4B-00C04F79EFBC}") = "FRC_Scouting_V2.Desktop", "FRC_Scouting_V2.Desktop\FRC_Scouting_V2.Desktop.csproj", "{EE59E6C2-0471-4B4C-A72C-A4CB4640180F}"
	ProjectSection(ProjectDependencies) = postProject
		{92FB0185-6785-47E4-9A2D-73CF9BFD2F7D} = {92FB0185-6785-47E4-9A2D-73CF9BFD2F7D}
		{660EC2BD-0DEA-4DC8-A9FA-1867BA3C9EB1} = {660EC2BD-0DEA-4DC8-A9FA-1867BA3C9EB1}
	EndProjectSection
EndProject
Project("{2150E333-8FDC-42A3-9474-1A3956D46DE8}") = ".nuget", ".nuget", "{4174AD86-105C-4125-8110-0E27E6DA25B6}"
	ProjectSection(SolutionItems) = preProject
		.nuget\NuGet.Config = .nuget\NuGet.Config
		.nuget\NuGet.exe = .nuget\NuGet.exe
		.nuget\NuGet.targets = .nuget\NuGet.targets
	EndProjectSection
EndProject
Project("{FAE04EC0-301F-11D3-BF4B-00C04F79EFBC}") = "TheBlueAlliance", "TheBlueAlliance\TheBlueAlliance.csproj", "{8E17112C-AE09-4E64-BD69-948740528D54}"
EndProject
Project("{FAE04EC0-301F-11D3-BF4B-00C04F79EFBC}") = "FRC_Events_API", "FRC_Events_API\FRC_Events_API.csproj", "{40A4E62E-C04C-433B-8295-C7873C726903}"
EndProject
Project("{FAE04EC0-301F-11D3-BF4B-00C04F79EFBC}") = "TheBlueAlliance.Test", "TheBlueAlliance.Test\TheBlueAlliance.Test.csproj", "{BC838A61-F83B-4452-9865-8A74542083C2}"
EndProject
Global
	GlobalSection(SolutionConfigurationPlatforms) = preSolution
		CD_ROM|Any CPU = CD_ROM|Any CPU
		Debug|Any CPU = Debug|Any CPU
		DVD-5|Any CPU = DVD-5|Any CPU
		Release|Any CPU = Release|Any CPU
		SingleImage|Any CPU = SingleImage|Any CPU
	EndGlobalSection
	GlobalSection(ProjectConfigurationPlatforms) = postSolution
		{92FB0185-6785-47E4-9A2D-73CF9BFD2F7D}.CD_ROM|Any CPU.ActiveCfg = Release|Any CPU
		{92FB0185-6785-47E4-9A2D-73CF9BFD2F7D}.CD_ROM|Any CPU.Build.0 = Release|Any CPU
		{92FB0185-6785-47E4-9A2D-73CF9BFD2F7D}.Debug|Any CPU.ActiveCfg = Debug|Any CPU
		{92FB0185-6785-47E4-9A2D-73CF9BFD2F7D}.Debug|Any CPU.Build.0 = Debug|Any CPU
		{92FB0185-6785-47E4-9A2D-73CF9BFD2F7D}.DVD-5|Any CPU.ActiveCfg = Debug|Any CPU
		{92FB0185-6785-47E4-9A2D-73CF9BFD2F7D}.DVD-5|Any CPU.Build.0 = Debug|Any CPU
		{92FB0185-6785-47E4-9A2D-73CF9BFD2F7D}.Release|Any CPU.ActiveCfg = Release|Any CPU
		{92FB0185-6785-47E4-9A2D-73CF9BFD2F7D}.Release|Any CPU.Build.0 = Release|Any CPU
		{92FB0185-6785-47E4-9A2D-73CF9BFD2F7D}.SingleImage|Any CPU.ActiveCfg = Release|Any CPU
		{92FB0185-6785-47E4-9A2D-73CF9BFD2F7D}.SingleImage|Any CPU.Build.0 = Release|Any CPU
		{660EC2BD-0DEA-4DC8-A9FA-1867BA3C9EB1}.CD_ROM|Any CPU.ActiveCfg = Release|Any CPU
		{660EC2BD-0DEA-4DC8-A9FA-1867BA3C9EB1}.CD_ROM|Any CPU.Build.0 = Release|Any CPU
		{660EC2BD-0DEA-4DC8-A9FA-1867BA3C9EB1}.Debug|Any CPU.ActiveCfg = Debug|Any CPU
		{660EC2BD-0DEA-4DC8-A9FA-1867BA3C9EB1}.Debug|Any CPU.Build.0 = Debug|Any CPU
		{660EC2BD-0DEA-4DC8-A9FA-1867BA3C9EB1}.DVD-5|Any CPU.ActiveCfg = Debug|Any CPU
		{660EC2BD-0DEA-4DC8-A9FA-1867BA3C9EB1}.DVD-5|Any CPU.Build.0 = Debug|Any CPU
		{660EC2BD-0DEA-4DC8-A9FA-1867BA3C9EB1}.Release|Any CPU.ActiveCfg = Release|Any CPU
		{660EC2BD-0DEA-4DC8-A9FA-1867BA3C9EB1}.Release|Any CPU.Build.0 = Release|Any CPU
		{660EC2BD-0DEA-4DC8-A9FA-1867BA3C9EB1}.SingleImage|Any CPU.ActiveCfg = Release|Any CPU
		{660EC2BD-0DEA-4DC8-A9FA-1867BA3C9EB1}.SingleImage|Any CPU.Build.0 = Release|Any CPU
		{EE59E6C2-0471-4B4C-A72C-A4CB4640180F}.CD_ROM|Any CPU.ActiveCfg = Release|Any CPU
		{EE59E6C2-0471-4B4C-A72C-A4CB4640180F}.CD_ROM|Any CPU.Build.0 = Release|Any CPU
		{EE59E6C2-0471-4B4C-A72C-A4CB4640180F}.Debug|Any CPU.ActiveCfg = Debug|Any CPU
		{EE59E6C2-0471-4B4C-A72C-A4CB4640180F}.Debug|Any CPU.Build.0 = Debug|Any CPU
		{EE59E6C2-0471-4B4C-A72C-A4CB4640180F}.DVD-5|Any CPU.ActiveCfg = Debug|Any CPU
		{EE59E6C2-0471-4B4C-A72C-A4CB4640180F}.DVD-5|Any CPU.Build.0 = Debug|Any CPU
		{EE59E6C2-0471-4B4C-A72C-A4CB4640180F}.Release|Any CPU.ActiveCfg = Release|Any CPU
		{EE59E6C2-0471-4B4C-A72C-A4CB4640180F}.Release|Any CPU.Build.0 = Release|Any CPU
		{EE59E6C2-0471-4B4C-A72C-A4CB4640180F}.SingleImage|Any CPU.ActiveCfg = Release|Any CPU
		{EE59E6C2-0471-4B4C-A72C-A4CB4640180F}.SingleImage|Any CPU.Build.0 = Release|Any CPU
		{8E17112C-AE09-4E64-BD69-948740528D54}.CD_ROM|Any CPU.ActiveCfg = Release|Any CPU
		{8E17112C-AE09-4E64-BD69-948740528D54}.CD_ROM|Any CPU.Build.0 = Release|Any CPU
		{8E17112C-AE09-4E64-BD69-948740528D54}.Debug|Any CPU.ActiveCfg = Debug|Any CPU
		{8E17112C-AE09-4E64-BD69-948740528D54}.Debug|Any CPU.Build.0 = Debug|Any CPU
		{8E17112C-AE09-4E64-BD69-948740528D54}.DVD-5|Any CPU.ActiveCfg = Debug|Any CPU
		{8E17112C-AE09-4E64-BD69-948740528D54}.DVD-5|Any CPU.Build.0 = Debug|Any CPU
		{8E17112C-AE09-4E64-BD69-948740528D54}.Release|Any CPU.ActiveCfg = Release|Any CPU
		{8E17112C-AE09-4E64-BD69-948740528D54}.Release|Any CPU.Build.0 = Release|Any CPU
		{8E17112C-AE09-4E64-BD69-948740528D54}.SingleImage|Any CPU.ActiveCfg = Release|Any CPU
		{8E17112C-AE09-4E64-BD69-948740528D54}.SingleImage|Any CPU.Build.0 = Release|Any CPU
		{40A4E62E-C04C-433B-8295-C7873C726903}.CD_ROM|Any CPU.ActiveCfg = Release|Any CPU
		{40A4E62E-C04C-433B-8295-C7873C726903}.CD_ROM|Any CPU.Build.0 = Release|Any CPU
		{40A4E62E-C04C-433B-8295-C7873C726903}.Debug|Any CPU.ActiveCfg = Debug|Any CPU
		{40A4E62E-C04C-433B-8295-C7873C726903}.Debug|Any CPU.Build.0 = Debug|Any CPU
		{40A4E62E-C04C-433B-8295-C7873C726903}.DVD-5|Any CPU.ActiveCfg = Debug|Any CPU
		{40A4E62E-C04C-433B-8295-C7873C726903}.DVD-5|Any CPU.Build.0 = Debug|Any CPU
		{40A4E62E-C04C-433B-8295-C7873C726903}.Release|Any CPU.ActiveCfg = Release|Any CPU
		{40A4E62E-C04C-433B-8295-C7873C726903}.Release|Any CPU.Build.0 = Release|Any CPU
		{40A4E62E-C04C-433B-8295-C7873C726903}.SingleImage|Any CPU.ActiveCfg = Release|Any CPU
		{40A4E62E-C04C-433B-8295-C7873C726903}.SingleImage|Any CPU.Build.0 = Release|Any CPU
		{BC838A61-F83B-4452-9865-8A74542083C2}.CD_ROM|Any CPU.ActiveCfg = Release|Any CPU
		{BC838A61-F83B-4452-9865-8A74542083C2}.CD_ROM|Any CPU.Build.0 = Release|Any CPU
		{BC838A61-F83B-4452-9865-8A74542083C2}.Debug|Any CPU.ActiveCfg = Debug|Any CPU
		{BC838A61-F83B-4452-9865-8A74542083C2}.Debug|Any CPU.Build.0 = Debug|Any CPU
		{BC838A61-F83B-4452-9865-8A74542083C2}.DVD-5|Any CPU.ActiveCfg = Debug|Any CPU
		{BC838A61-F83B-4452-9865-8A74542083C2}.DVD-5|Any CPU.Build.0 = Debug|Any CPU
		{BC838A61-F83B-4452-9865-8A74542083C2}.Release|Any CPU.ActiveCfg = Release|Any CPU
		{BC838A61-F83B-4452-9865-8A74542083C2}.Release|Any CPU.Build.0 = Release|Any CPU
		{BC838A61-F83B-4452-9865-8A74542083C2}.SingleImage|Any CPU.ActiveCfg = Release|Any CPU
		{BC838A61-F83B-4452-9865-8A74542083C2}.SingleImage|Any CPU.Build.0 = Release|Any CPU
	EndGlobalSection
	GlobalSection(SolutionProperties) = preSolution
		HideSolutionNode = FALSE
	EndGlobalSection
EndGlobal
